
Microsoft Visual Studio Solution File, Format Version 12.00
# Visual Studio Version 16
VisualStudioVersion = 16.0.29326.143
MinimumVisualStudioVersion = 10.0.40219.1
Project("{9A19103F-16F7-4668-BE54-9A1E7A4F7556}") = "RandomUser", "RandomUser\RandomUser.csproj", "{08D7F231-5626-4EDE-AB76-986068739450}"
EndProject
Project("{FAE04EC0-301F-11D3-BF4B-00C04F79EFBC}") = "RandomUserTest", "RandomUserTest\RandomUserTest.csproj", "{0E3E6D12-B97D-4733-8DEF-17BBAA52D686}"
EndProject
Global
	GlobalSection(SolutionConfigurationPlatforms) = preSolution
		Debug|Any CPU = Debug|Any CPU
		Release|Any CPU = Release|Any CPU
	EndGlobalSection
	GlobalSection(ProjectConfigurationPlatforms) = postSolution
		{08D7F231-5626-4EDE-AB76-986068739450}.Debug|Any CPU.ActiveCfg = Debug|Any CPU
		{08D7F231-5626-4EDE-AB76-986068739450}.Debug|Any CPU.Build.0 = Debug|Any CPU
		{08D7F231-5626-4EDE-AB76-986068739450}.Release|Any CPU.ActiveCfg = Release|Any CPU
		{08D7F231-5626-4EDE-AB76-986068739450}.Release|Any CPU.Build.0 = Release|Any CPU
		{0E3E6D12-B97D-4733-8DEF-17BBAA52D686}.Debug|Any CPU.ActiveCfg = Debug|Any CPU
		{0E3E6D12-B97D-4733-8DEF-17BBAA52D686}.Debug|Any CPU.Build.0 = Debug|Any CPU
		{0E3E6D12-B97D-4733-8DEF-17BBAA52D686}.Release|Any CPU.ActiveCfg = Release|Any CPU
		{0E3E6D12-B97D-4733-8DEF-17BBAA52D686}.Release|Any CPU.Build.0 = Release|Any CPU
	EndGlobalSection
	GlobalSection(SolutionProperties) = preSolution
		HideSolutionNode = FALSE
	EndGlobalSection
	GlobalSection(ExtensibilityGlobals) = postSolution
		SolutionGuid = {4FEB2404-FAD5-4BF5-AE00-0E8B19F453CB}
	EndGlobalSection
EndGlobal
